{
  "name": "sceenshot",
  "version": "1.0.0",
  "lockfileVersion": 3,
  "requires": true,
  "packages": {
    "": {
      "name": "sceenshot",
      "version": "1.0.0",
      "license": "ISC",
      "dependencies": {
        "lodash.random": "^3.2.0"
      }
    },
    "../../node_modules/.pnpm/lodash.random@3.2.0/node_modules/lodash.random": {
      "version": "3.2.0",
      "license": "MIT"
    },
    "node_modules/lodash.random": {
      "resolved": "../../node_modules/.pnpm/lodash.random@3.2.0/node_modules/lodash.random",
      "link": true
    }
  }
}
